
Microsoft Visual Studio Solution File, Format Version 12.00
# Visual Studio 15
Project("{FAE04EC0-301F-11D3-BF4B-00C04F79EFBC}") = "NavMeshPlusEditor", "NavMeshPlusEditor.csproj", "{3B366855-00A6-53C1-5E9E-DF3B763D742D}"
EndProject
Project("{FAE04EC0-301F-11D3-BF4B-00C04F79EFBC}") = "Assembly-CSharp", "Assembly-CSharp.csproj", "{C27B9847-09B0-D9BA-893C-9CF66B4434D4}"
EndProject
Project("{FAE04EC0-301F-11D3-BF4B-00C04F79EFBC}") = "NavMeshPlus", "NavMeshPlus.csproj", "{73927A14-0854-0D9C-BB7D-1CB7BCF6B66C}"
EndProject
Global
	GlobalSection(SolutionConfigurationPlatforms) = preSolution
		Debug|Any CPU = Debug|Any CPU
		Release|Any CPU = Release|Any CPU
	EndGlobalSection
	GlobalSection(ProjectConfigurationPlatforms) = postSolution
		{3B366855-00A6-53C1-5E9E-DF3B763D742D}.Debug|Any CPU.ActiveCfg = Debug|Any CPU
		{3B366855-00A6-53C1-5E9E-DF3B763D742D}.Debug|Any CPU.Build.0 = Debug|Any CPU
		{3B366855-00A6-53C1-5E9E-DF3B763D742D}.Release|Any CPU.ActiveCfg = Release|Any CPU
		{3B366855-00A6-53C1-5E9E-DF3B763D742D}.Release|Any CPU.Build.0 = Release|Any CPU
		{C27B9847-09B0-D9BA-893C-9CF66B4434D4}.Debug|Any CPU.ActiveCfg = Debug|Any CPU
		{C27B9847-09B0-D9BA-893C-9CF66B4434D4}.Debug|Any CPU.Build.0 = Debug|Any CPU
		{C27B9847-09B0-D9BA-893C-9CF66B4434D4}.Release|Any CPU.ActiveCfg = Release|Any CPU
		{C27B9847-09B0-D9BA-893C-9CF66B4434D4}.Release|Any CPU.Build.0 = Release|Any CPU
		{73927A14-0854-0D9C-BB7D-1CB7BCF6B66C}.Debug|Any CPU.ActiveCfg = Debug|Any CPU
		{73927A14-0854-0D9C-BB7D-1CB7BCF6B66C}.Debug|Any CPU.Build.0 = Debug|Any CPU
		{73927A14-0854-0D9C-BB7D-1CB7BCF6B66C}.Release|Any CPU.ActiveCfg = Release|Any CPU
		{73927A14-0854-0D9C-BB7D-1CB7BCF6B66C}.Release|Any CPU.Build.0 = Release|Any CPU
	EndGlobalSection
	GlobalSection(SolutionProperties) = preSolution
		HideSolutionNode = FALSE
	EndGlobalSection
EndGlobal
